<?xml version="1.0" encoding="utf-8"?>
<Project ToolsVersion="4.0" xmlns="http://schemas.microsoft.com/developer/msbuild/2003">
  <ItemGroup>
    <Filter Include="Source Files">
      <UniqueIdentifier>{4FC737F1-C7A5-4376-A066-2A32D752A2FF}</UniqueIdentifier>
      <Extensions>cpp;c;cc;cxx;def;odl;idl;hpj;bat;asm;asmx</Extensions>
    </Filter>
    <Filter Include="Header Files">
      <UniqueIdentifier>{93995380-89BD-4b04-88EB-625FBE52EBFB}</UniqueIdentifier>
      <Extensions>h;hh;hpp;hxx;hm;inl;inc;xsd</Extensions>
    </Filter>
    <Filter Include="Resource Files">
      <UniqueIdentifier>{67DA6AB6-F800-4c08-8B7A-83BB121AAD01}</UniqueIdentifier>
      <Extensions>rc;ico;cur;bmp;dlg;rc2;rct;bin;rgs;gif;jpg;jpeg;jpe;resx;tiff;tif;png;wav</Extensions>
    </Filter>
    <Filter Include="SDK">
      <UniqueIdentifier>{9ae28633-53ae-46c7-a524-2a6ed180fe1c}</UniqueIdentifier>
    </Filter>
  </ItemGroup>
  <ItemGroup>
    <ClCompile Include="src\amx.cpp">
      <Filter>Source Files</Filter>
    </ClCompile>
    <ClCompile Include="src\callback.cpp">
      <Filter>Source Files</Filter>
    </ClCompile>
    <ClCompile Include="src\main.cpp">
      <Filter>Source Files</Filter>
    </ClCompile>
    <ClCompile Include="src\node.cpp">
      <Filter>Source Files</Filter>
    </ClCompile>
    <ClCompile Include="src\file.cpp">
      <Filter>Source Files</Filter>
    </ClCompile>
    <ClCompile Include="src\path.cpp">
      <Filter>Source Files</Filter>
    </ClCompile>
    <ClCompile Include="lib\sdk\amxplugin2.cpp">
      <Filter>SDK</Filter>
    </ClCompile>
    <ClCompile Include="lib\sdk\amxplugin.cpp">
      <Filter>SDK</Filter>
    </ClCompile>
    <ClCompile Include="lib\sdk\amx\getch.c">
      <Filter>SDK</Filter>
    </ClCompile>
    <ClCompile Include="src\connection.cpp">
      <Filter>Source Files</Filter>
    </ClCompile>
    <ClCompile Include="src\container.cpp">
      <Filter>Source Files</Filter>
    </ClCompile>
    <ClCompile Include="src\pathfinder.cpp">
      <Filter>Source Files</Filter>
    </ClCompile>
    <ClCompile Include="src\natives.cpp">
      <Filter>Source Files</Filter>
    </ClCompile>
  </ItemGroup>
  <ItemGroup>
    <ClInclude Include="src\amx.h">
      <Filter>Header Files</Filter>
    </ClInclude>
    <ClInclude Include="src\callback.h">
      <Filter>Header Files</Filter>
    </ClInclude>
    <ClInclude Include="src\common.h">
      <Filter>Header Files</Filter>
    </ClInclude>
    <ClInclude Include="src\connection.h">
      <Filter>Header Files</Filter>
    </ClInclude>
    <ClInclude Include="src\node.h">
      <Filter>Header Files</Filter>
    </ClInclude>
    <ClInclude Include="src\file.h">
      <Filter>Header Files</Filter>
    </ClInclude>
    <ClInclude Include="src\path.h">
      <Filter>Header Files</Filter>
    </ClInclude>
    <ClInclude Include="lib\sdk\amx\sclinux.h">
      <Filter>SDK</Filter>
    </ClInclude>
    <ClInclude Include="lib\sdk\plugincommon.h">
      <Filter>SDK</Filter>
    </ClInclude>
    <ClInclude Include="lib\sdk\amx\amx.h">
      <Filter>SDK</Filter>
    </ClInclude>
    <ClInclude Include="lib\sdk\amx\amx2.h">
      <Filter>SDK</Filter>
    </ClInclude>
    <ClInclude Include="lib\sdk\amx\getch.h">
      <Filter>SDK</Filter>
    </ClInclude>
    <ClInclude Include="src\container.h">
      <Filter>Header Files</Filter>
    </ClInclude>
    <ClInclude Include="src\pathfinder.h">
      <Filter>Header Files</Filter>
    </ClInclude>
    <ClInclude Include="src\natives.h">
      <Filter>Header Files</Filter>
    </ClInclude>
  </ItemGroup>
</Project>